
Microsoft Visual Studio Solution File, Format Version 12.00
# Visual Studio Version 17
VisualStudioVersion = 17.0.31903.59
MinimumVisualStudioVersion = 10.0.40219.1
Project("{FAE04EC0-301F-11D3-BF4B-00C04F79EFBC}") = "Itelligent.Domain", "Itelligent.Domain\Itelligent.Domain.csproj", "{19FE3608-5CE4-4BB6-ACD7-B3ACABF5E959}"
EndProject
Project("{FAE04EC0-301F-11D3-BF4B-00C04F79EFBC}") = "Itelligent.Application", "Itelligent.Application\Itelligent.Application.csproj", "{1DADA96C-A928-492A-B270-DD142D2A42D8}"
EndProject
Project("{FAE04EC0-301F-11D3-BF4B-00C04F79EFBC}") = "Itelligent.Infrastructure", "Itelligent.Infrastructure\Itelligent.Infrastructure.csproj", "{05810B6A-AF1C-4960-8E4E-4EBFD965E461}"
EndProject
Project("{FAE04EC0-301F-11D3-BF4B-00C04F79EFBC}") = "Itelligent.Presentation", "Itelligent.Presentation\Itelligent.Presentation.csproj", "{E83DD2E0-2B00-44CA-BB77-815D989B028D}"
EndProject
Project("{FAE04EC0-301F-11D3-BF4B-00C04F79EFBC}") = "Itelligent.Tests", "Itelligent.Tests\Itelligent.Tests.csproj", "{8038C035-C475-4DD0-8165-F82E5F45DB30}"
EndProject
Global
	GlobalSection(SolutionConfigurationPlatforms) = preSolution
		Debug|Any CPU = Debug|Any CPU
		Debug|x64 = Debug|x64
		Debug|x86 = Debug|x86
		Release|Any CPU = Release|Any CPU
		Release|x64 = Release|x64
		Release|x86 = Release|x86
	EndGlobalSection
	GlobalSection(ProjectConfigurationPlatforms) = postSolution
		{19FE3608-5CE4-4BB6-ACD7-B3ACABF5E959}.Debug|Any CPU.ActiveCfg = Debug|Any CPU
		{19FE3608-5CE4-4BB6-ACD7-B3ACABF5E959}.Debug|Any CPU.Build.0 = Debug|Any CPU
		{19FE3608-5CE4-4BB6-ACD7-B3ACABF5E959}.Debug|x64.ActiveCfg = Debug|Any CPU
		{19FE3608-5CE4-4BB6-ACD7-B3ACABF5E959}.Debug|x64.Build.0 = Debug|Any CPU
		{19FE3608-5CE4-4BB6-ACD7-B3ACABF5E959}.Debug|x86.ActiveCfg = Debug|Any CPU
		{19FE3608-5CE4-4BB6-ACD7-B3ACABF5E959}.Debug|x86.Build.0 = Debug|Any CPU
		{19FE3608-5CE4-4BB6-ACD7-B3ACABF5E959}.Release|Any CPU.ActiveCfg = Release|Any CPU
		{19FE3608-5CE4-4BB6-ACD7-B3ACABF5E959}.Release|Any CPU.Build.0 = Release|Any CPU
		{19FE3608-5CE4-4BB6-ACD7-B3ACABF5E959}.Release|x64.ActiveCfg = Release|Any CPU
		{19FE3608-5CE4-4BB6-ACD7-B3ACABF5E959}.Release|x64.Build.0 = Release|Any CPU
		{19FE3608-5CE4-4BB6-ACD7-B3ACABF5E959}.Release|x86.ActiveCfg = Release|Any CPU
		{19FE3608-5CE4-4BB6-ACD7-B3ACABF5E959}.Release|x86.Build.0 = Release|Any CPU
		{1DADA96C-A928-492A-B270-DD142D2A42D8}.Debug|Any CPU.ActiveCfg = Debug|Any CPU
		{1DADA96C-A928-492A-B270-DD142D2A42D8}.Debug|Any CPU.Build.0 = Debug|Any CPU
		{1DADA96C-A928-492A-B270-DD142D2A42D8}.Debug|x64.ActiveCfg = Debug|Any CPU
		{1DADA96C-A928-492A-B270-DD142D2A42D8}.Debug|x64.Build.0 = Debug|Any CPU
		{1DADA96C-A928-492A-B270-DD142D2A42D8}.Debug|x86.ActiveCfg = Debug|Any CPU
		{1DADA96C-A928-492A-B270-DD142D2A42D8}.Debug|x86.Build.0 = Debug|Any CPU
		{1DADA96C-A928-492A-B270-DD142D2A42D8}.Release|Any CPU.ActiveCfg = Release|Any CPU
		{1DADA96C-A928-492A-B270-DD142D2A42D8}.Release|Any CPU.Build.0 = Release|Any CPU
		{1DADA96C-A928-492A-B270-DD142D2A42D8}.Release|x64.ActiveCfg = Release|Any CPU
		{1DADA96C-A928-492A-B270-DD142D2A42D8}.Release|x64.Build.0 = Release|Any CPU
		{1DADA96C-A928-492A-B270-DD142D2A42D8}.Release|x86.ActiveCfg = Release|Any CPU
		{1DADA96C-A928-492A-B270-DD142D2A42D8}.Release|x86.Build.0 = Release|Any CPU
		{05810B6A-AF1C-4960-8E4E-4EBFD965E461}.Debug|Any CPU.ActiveCfg = Debug|Any CPU
		{05810B6A-AF1C-4960-8E4E-4EBFD965E461}.Debug|Any CPU.Build.0 = Debug|Any CPU
		{05810B6A-AF1C-4960-8E4E-4EBFD965E461}.Debug|x64.ActiveCfg = Debug|Any CPU
		{05810B6A-AF1C-4960-8E4E-4EBFD965E461}.Debug|x64.Build.0 = Debug|Any CPU
		{05810B6A-AF1C-4960-8E4E-4EBFD965E461}.Debug|x86.ActiveCfg = Debug|Any CPU
		{05810B6A-AF1C-4960-8E4E-4EBFD965E461}.Debug|x86.Build.0 = Debug|Any CPU
		{05810B6A-AF1C-4960-8E4E-4EBFD965E461}.Release|Any CPU.ActiveCfg = Release|Any CPU
		{05810B6A-AF1C-4960-8E4E-4EBFD965E461}.Release|Any CPU.Build.0 = Release|Any CPU
		{05810B6A-AF1C-4960-8E4E-4EBFD965E461}.Release|x64.ActiveCfg = Release|Any CPU
		{05810B6A-AF1C-4960-8E4E-4EBFD965E461}.Release|x64.Build.0 = Release|Any CPU
		{05810B6A-AF1C-4960-8E4E-4EBFD965E461}.Release|x86.ActiveCfg = Release|Any CPU
		{05810B6A-AF1C-4960-8E4E-4EBFD965E461}.Release|x86.Build.0 = Release|Any CPU
		{E83DD2E0-2B00-44CA-BB77-815D989B028D}.Debug|Any CPU.ActiveCfg = Debug|Any CPU
		{E83DD2E0-2B00-44CA-BB77-815D989B028D}.Debug|Any CPU.Build.0 = Debug|Any CPU
		{E83DD2E0-2B00-44CA-BB77-815D989B028D}.Debug|x64.ActiveCfg = Debug|Any CPU
		{E83DD2E0-2B00-44CA-BB77-815D989B028D}.Debug|x64.Build.0 = Debug|Any CPU
		{E83DD2E0-2B00-44CA-BB77-815D989B028D}.Debug|x86.ActiveCfg = Debug|Any CPU
		{E83DD2E0-2B00-44CA-BB77-815D989B028D}.Debug|x86.Build.0 = Debug|Any CPU
		{E83DD2E0-2B00-44CA-BB77-815D989B028D}.Release|Any CPU.ActiveCfg = Release|Any CPU
		{E83DD2E0-2B00-44CA-BB77-815D989B028D}.Release|Any CPU.Build.0 = Release|Any CPU
		{E83DD2E0-2B00-44CA-BB77-815D989B028D}.Release|x64.ActiveCfg = Release|Any CPU
		{E83DD2E0-2B00-44CA-BB77-815D989B028D}.Release|x64.Build.0 = Release|Any CPU
		{E83DD2E0-2B00-44CA-BB77-815D989B028D}.Release|x86.ActiveCfg = Release|Any CPU
		{E83DD2E0-2B00-44CA-BB77-815D989B028D}.Release|x86.Build.0 = Release|Any CPU
		{8038C035-C475-4DD0-8165-F82E5F45DB30}.Debug|Any CPU.ActiveCfg = Debug|Any CPU
		{8038C035-C475-4DD0-8165-F82E5F45DB30}.Debug|Any CPU.Build.0 = Debug|Any CPU
		{8038C035-C475-4DD0-8165-F82E5F45DB30}.Debug|x64.ActiveCfg = Debug|Any CPU
		{8038C035-C475-4DD0-8165-F82E5F45DB30}.Debug|x64.Build.0 = Debug|Any CPU
		{8038C035-C475-4DD0-8165-F82E5F45DB30}.Debug|x86.ActiveCfg = Debug|Any CPU
		{8038C035-C475-4DD0-8165-F82E5F45DB30}.Debug|x86.Build.0 = Debug|Any CPU
		{8038C035-C475-4DD0-8165-F82E5F45DB30}.Release|Any CPU.ActiveCfg = Release|Any CPU
		{8038C035-C475-4DD0-8165-F82E5F45DB30}.Release|Any CPU.Build.0 = Release|Any CPU
		{8038C035-C475-4DD0-8165-F82E5F45DB30}.Release|x64.ActiveCfg = Release|Any CPU
		{8038C035-C475-4DD0-8165-F82E5F45DB30}.Release|x64.Build.0 = Release|Any CPU
		{8038C035-C475-4DD0-8165-F82E5F45DB30}.Release|x86.ActiveCfg = Release|Any CPU
		{8038C035-C475-4DD0-8165-F82E5F45DB30}.Release|x86.Build.0 = Release|Any CPU
	EndGlobalSection
	GlobalSection(SolutionProperties) = preSolution
		HideSolutionNode = FALSE
	EndGlobalSection
EndGlobal
